<?xml version="1.0" encoding="utf-8"?>
<Project ToolsVersion="4.0" xmlns="http://schemas.microsoft.com/developer/msbuild/2003">
  <ItemGroup>
    <ClInclude Include="..\Sources\CppLinq.h">
      <Filter>CppLinq</Filter>
    </ClInclude>
    <ClInclude Include="..\Sources\TestUtils.h">
      <Filter>Tests</Filter>
    </ClInclude>
  </ItemGroup>
  <ItemGroup>
    <ClCompile Include="..\Sources\main.cpp" />
    <ClCompile Include="..\Sources\OrderByTest.cpp">
      <Filter>Tests</Filter>
    </ClCompile>
    <ClCompile Include="..\Sources\SelectTest.cpp">
      <Filter>Tests</Filter>
    </ClCompile>
    <ClCompile Include="..\Sources\WhereTest.cpp">
      <Filter>Tests</Filter>
    </ClCompile>
    <ClCompile Include="..\Sources\AllTest.cpp">
      <Filter>Tests</Filter>
    </ClCompile>
    <ClCompile Include="..\Sources\AnyTest.cpp">
      <Filter>Tests</Filter>
    </ClCompile>
  </ItemGroup>
  <ItemGroup>
    <Filter Include="CppLinq">
      <UniqueIdentifier>{28d14331-f8f6-4644-a544-1e59d93ee719}</UniqueIdentifier>
    </Filter>
    <Filter Include="Tests">
      <UniqueIdentifier>{4804be8d-6740-4aad-a586-20dfb298dda4}</UniqueIdentifier>
    </Filter>
  </ItemGroup>
</Project>